
Microsoft Visual Studio Solution File, Format Version 12.00
# Visual Studio Version 17
VisualStudioVersion = 17.7.34221.43
MinimumVisualStudioVersion = 10.0.40219.1
Project("{FAE04EC0-301F-11D3-BF4B-00C04F79EFBC}") = "Workaround", "Workaround\Workaround.csproj", "{2D4F09B7-6635-4888-93EC-0D7A3F415126}"
EndProject
Project("{FAE04EC0-301F-11D3-BF4B-00C04F79EFBC}") = "Entities", "Entities\Entities.csproj", "{7B177623-AFF2-4EA6-9430-F1D39815763F}"
EndProject
Project("{FAE04EC0-301F-11D3-BF4B-00C04F79EFBC}") = "Business", "Business\Business.csproj", "{DC7FFCBE-2AD0-4655-826C-3B407991AEBE}"
EndProject
Global
	GlobalSection(SolutionConfigurationPlatforms) = preSolution
		Debug|Any CPU = Debug|Any CPU
		Release|Any CPU = Release|Any CPU
	EndGlobalSection
	GlobalSection(ProjectConfigurationPlatforms) = postSolution
		{2D4F09B7-6635-4888-93EC-0D7A3F415126}.Debug|Any CPU.ActiveCfg = Debug|Any CPU
		{2D4F09B7-6635-4888-93EC-0D7A3F415126}.Debug|Any CPU.Build.0 = Debug|Any CPU
		{2D4F09B7-6635-4888-93EC-0D7A3F415126}.Release|Any CPU.ActiveCfg = Release|Any CPU
		{2D4F09B7-6635-4888-93EC-0D7A3F415126}.Release|Any CPU.Build.0 = Release|Any CPU
		{7B177623-AFF2-4EA6-9430-F1D39815763F}.Debug|Any CPU.ActiveCfg = Debug|Any CPU
		{7B177623-AFF2-4EA6-9430-F1D39815763F}.Debug|Any CPU.Build.0 = Debug|Any CPU
		{7B177623-AFF2-4EA6-9430-F1D39815763F}.Release|Any CPU.ActiveCfg = Release|Any CPU
		{7B177623-AFF2-4EA6-9430-F1D39815763F}.Release|Any CPU.Build.0 = Release|Any CPU
		{DC7FFCBE-2AD0-4655-826C-3B407991AEBE}.Debug|Any CPU.ActiveCfg = Debug|Any CPU
		{DC7FFCBE-2AD0-4655-826C-3B407991AEBE}.Debug|Any CPU.Build.0 = Debug|Any CPU
		{DC7FFCBE-2AD0-4655-826C-3B407991AEBE}.Release|Any CPU.ActiveCfg = Release|Any CPU
		{DC7FFCBE-2AD0-4655-826C-3B407991AEBE}.Release|Any CPU.Build.0 = Release|Any CPU
	EndGlobalSection
	GlobalSection(SolutionProperties) = preSolution
		HideSolutionNode = FALSE
	EndGlobalSection
	GlobalSection(ExtensibilityGlobals) = postSolution
		SolutionGuid = {6230E576-DA3B-4C43-BFB7-46059DC2CACA}
	EndGlobalSection
EndGlobal
